
Microsoft Visual Studio Solution File, Format Version 12.00
# Visual Studio Version 16
VisualStudioVersion = 16.0.31911.196
MinimumVisualStudioVersion = 10.0.40219.1
Project("{FAE04EC0-301F-11D3-BF4B-00C04F79EFBC}") = "PersonelUygulamasi", "PersonelUygulamasi\PersonelUygulamasi.csproj", "{058FEBF0-2965-4BE1-B6CB-BC030098659E}"
EndProject
Global
	GlobalSection(SolutionConfigurationPlatforms) = preSolution
		Debug|Any CPU = Debug|Any CPU
		Release|Any CPU = Release|Any CPU
	EndGlobalSection
	GlobalSection(ProjectConfigurationPlatforms) = postSolution
		{058FEBF0-2965-4BE1-B6CB-BC030098659E}.Debug|Any CPU.ActiveCfg = Debug|Any CPU
		{058FEBF0-2965-4BE1-B6CB-BC030098659E}.Debug|Any CPU.Build.0 = Debug|Any CPU
		{058FEBF0-2965-4BE1-B6CB-BC030098659E}.Release|Any CPU.ActiveCfg = Release|Any CPU
		{058FEBF0-2965-4BE1-B6CB-BC030098659E}.Release|Any CPU.Build.0 = Release|Any CPU
	EndGlobalSection
	GlobalSection(SolutionProperties) = preSolution
		HideSolutionNode = FALSE
	EndGlobalSection
	GlobalSection(ExtensibilityGlobals) = postSolution
		SolutionGuid = {91A0B334-3705-42AB-9CD2-918DF5F448B3}
	EndGlobalSection
EndGlobal
